{
  "requires": true,
  "lockfileVersion": 1,
  "dependencies": {
    "three": {
      "version": "0.142.0",
      "resolved": "https://registry.npmjs.org/three/-/three-0.142.0.tgz",
      "integrity": "sha512-ESjPO+3geFr+ZUfVMpMnF/eVU2uJPOh0e2ZpMFqjNca1wApS9lJb7E4MjwGIczgt9iuKd8PEm6Pfgp2bJ92Xtg=="
    },
    "three-mesh-bvh": {
      "version": "0.5.14",
      "resolved": "https://registry.npmjs.org/three-mesh-bvh/-/three-mesh-bvh-0.5.14.tgz",
      "integrity": "sha512-rSk7SpKDR47m1PmkUxt5na5+dM4h0KW5zF43lMniZGjT4hQn9Om+g64ooFreFIWlQlrNN8pFqiPnDMRZS58/Yw=="
    }
  }
}
